<Solution>
  <Folder Name="/cmd/">
    <Project Path="cmd/Uterm.Manager/Uterm.Manager.csproj" />
    <Project Path="cmd/Uterm/Uterm.csproj" />
  </Folder>
  <Folder Name="/src/">
    <Project Path="src/Provide.Uterm/Provide.Uterm.csproj" />
  </Folder>
  <Folder Name="/tests/">
    <Project Path="tests/Provide.Uterm.Tests/Provide.Uterm.Tests.csproj" />
  </Folder>
</Solution>
